Microsoft Visual Studio Solution File, Format Version 12.00
# Visual Studio Version 17
VisualStudioVersion = 17.5.2.0
MinimumVisualStudioVersion = 10.0.40219.1
Project("{FAE04EC0-301F-11D3-BF4B-00C04F79EFBC}") = "ejercicio 4 mejor", "ejercicio 4 mejor\ejercicio 4 mejor.csproj", "{AFE9E020-6A2E-CA0A-7BB0-4F6A0E90AAA7}"
EndProject
Global
	GlobalSection(SolutionConfigurationPlatforms) = preSolution
		Debug|Any CPU = Debug|Any CPU
		Release|Any CPU = Release|Any CPU
	EndGlobalSection
	GlobalSection(ProjectConfigurationPlatforms) = postSolution
		{AFE9E020-6A2E-CA0A-7BB0-4F6A0E90AAA7}.Debug|Any CPU.ActiveCfg = Debug|Any CPU
		{AFE9E020-6A2E-CA0A-7BB0-4F6A0E90AAA7}.Debug|Any CPU.Build.0 = Debug|Any CPU
		{AFE9E020-6A2E-CA0A-7BB0-4F6A0E90AAA7}.Release|Any CPU.ActiveCfg = Release|Any CPU
		{AFE9E020-6A2E-CA0A-7BB0-4F6A0E90AAA7}.Release|Any CPU.Build.0 = Release|Any CPU
	EndGlobalSection
	GlobalSection(SolutionProperties) = preSolution
		HideSolutionNode = FALSE
	EndGlobalSection
	GlobalSection(ExtensibilityGlobals) = postSolution
		SolutionGuid = {C4D1DB75-80D8-4AFE-9381-F9BA6136C549}
	EndGlobalSection
EndGlobal
