Microsoft Visual Studio Solution File, Format Version 12.00
# Visual Studio Version 17
VisualStudioVersion = 17.5.2.0
MinimumVisualStudioVersion = 10.0.40219.1
Project("{FAE04EC0-301F-11D3-BF4B-00C04F79EFBC}") = "ejercicio 4", "ejercicio 4\ejercicio 4.csproj", "{372196EA-08A5-F1E6-C2D2-2D1B3894205F}"
EndProject
Global
	GlobalSection(SolutionConfigurationPlatforms) = preSolution
		Debug|Any CPU = Debug|Any CPU
		Release|Any CPU = Release|Any CPU
	EndGlobalSection
	GlobalSection(ProjectConfigurationPlatforms) = postSolution
		{372196EA-08A5-F1E6-C2D2-2D1B3894205F}.Debug|Any CPU.ActiveCfg = Debug|Any CPU
		{372196EA-08A5-F1E6-C2D2-2D1B3894205F}.Debug|Any CPU.Build.0 = Debug|Any CPU
		{372196EA-08A5-F1E6-C2D2-2D1B3894205F}.Release|Any CPU.ActiveCfg = Release|Any CPU
		{372196EA-08A5-F1E6-C2D2-2D1B3894205F}.Release|Any CPU.Build.0 = Release|Any CPU
	EndGlobalSection
	GlobalSection(SolutionProperties) = preSolution
		HideSolutionNode = FALSE
	EndGlobalSection
	GlobalSection(ExtensibilityGlobals) = postSolution
		SolutionGuid = {6CA2B466-93DA-429F-82C7-520BFB226FF4}
	EndGlobalSection
EndGlobal
